
Microsoft Visual Studio Solution File, Format Version 12.00
# Visual Studio Version 16
VisualStudioVersion = 16.0.31624.102
MinimumVisualStudioVersion = 10.0.40219.1
Project("{FAE04EC0-301F-11D3-BF4B-00C04F79EFBC}") = "CommandLine", "CommandLine\CommandLine.csproj", "{D7AC30EA-148A-4FB9-A575-F0A69EF08909}"
EndProject
Project("{FAE04EC0-301F-11D3-BF4B-00C04F79EFBC}") = "CommandLine.Tests", "CommandLine.Tests\CommandLine.Tests.csproj", "{79FB38D8-A352-41E4-9F26-19DDC47A5DD2}"
EndProject
Global
	GlobalSection(SolutionConfigurationPlatforms) = preSolution
		Debug|Any CPU = Debug|Any CPU
		Release|Any CPU = Release|Any CPU
	EndGlobalSection
	GlobalSection(ProjectConfigurationPlatforms) = postSolution
		{D7AC30EA-148A-4FB9-A575-F0A69EF08909}.Debug|Any CPU.ActiveCfg = Debug|Any CPU
		{D7AC30EA-148A-4FB9-A575-F0A69EF08909}.Debug|Any CPU.Build.0 = Debug|Any CPU
		{D7AC30EA-148A-4FB9-A575-F0A69EF08909}.Release|Any CPU.ActiveCfg = Release|Any CPU
		{D7AC30EA-148A-4FB9-A575-F0A69EF08909}.Release|Any CPU.Build.0 = Release|Any CPU
		{79FB38D8-A352-41E4-9F26-19DDC47A5DD2}.Debug|Any CPU.ActiveCfg = Debug|Any CPU
		{79FB38D8-A352-41E4-9F26-19DDC47A5DD2}.Debug|Any CPU.Build.0 = Debug|Any CPU
		{79FB38D8-A352-41E4-9F26-19DDC47A5DD2}.Release|Any CPU.ActiveCfg = Release|Any CPU
		{79FB38D8-A352-41E4-9F26-19DDC47A5DD2}.Release|Any CPU.Build.0 = Release|Any CPU
	EndGlobalSection
	GlobalSection(SolutionProperties) = preSolution
		HideSolutionNode = FALSE
	EndGlobalSection
	GlobalSection(ExtensibilityGlobals) = postSolution
		SolutionGuid = {2B6EAA38-33E2-4DE3-B972-6E87F3FA723F}
	EndGlobalSection
EndGlobal
